{
  "name": "gatsby-remark-tags",
  "version": "1.0.0",
  "lockfileVersion": 2,
  "requires": true,
  "packages": {
    "": {
      "name": "gatsby-remark-tags",
      "version": "1.0.0",
      "license": "ISC",
      "dependencies": {
        "async-unist-util-visit": "^1.0.0"
      }
    },
    "node_modules/async-unist-util-visit": {
      "version": "1.0.0",
      "resolved": "https://registry.npmjs.org/async-unist-util-visit/-/async-unist-util-visit-1.0.0.tgz",
      "integrity": "sha512-K2jv262lMgt1FJ9q3mBgnFAYNEIAMbeV5O7LYDrZT96dhnkHWHTLCUXwcrWnJcWVjKsoZsvugiyskRQltJVNRw==",
      "dependencies": {
        "run-async": "2.2.0"
      }
    },
    "node_modules/is-promise": {
      "version": "2.2.2",
      "resolved": "https://registry.npmjs.org/is-promise/-/is-promise-2.2.2.tgz",
      "integrity": "sha512-+lP4/6lKUBfQjZ2pdxThZvLUAafmZb8OAxFb8XXtiQmS35INgr85hdOGoEs124ez1FCnZJt6jau/T+alh58QFQ=="
    },
    "node_modules/pinkie": {
      "version": "2.0.4",
      "resolved": "https://registry.npmjs.org/pinkie/-/pinkie-2.0.4.tgz",
      "integrity": "sha512-MnUuEycAemtSaeFSjXKW/aroV7akBbY+Sv+RkyqFjgAe73F+MR0TBWKBRDkmfWq/HiFmdavfZ1G7h4SPZXaCSg==",
      "engines": {
        "node": ">=0.10.0"
      }
    },
    "node_modules/pinkie-promise": {
      "version": "2.0.1",
      "resolved": "https://registry.npmjs.org/pinkie-promise/-/pinkie-promise-2.0.1.tgz",
      "integrity": "sha512-0Gni6D4UcLTbv9c57DfxDGdr41XfgUjqWZu492f0cIGr16zDU06BWP/RAEvOuo7CQ0CNjHaLlM59YJJFm3NWlw==",
      "dependencies": {
        "pinkie": "^2.0.0"
      },
      "engines": {
        "node": ">=0.10.0"
      }
    },
    "node_modules/run-async": {
      "version": "2.2.0",
      "resolved": "https://registry.npmjs.org/run-async/-/run-async-2.2.0.tgz",
      "integrity": "sha512-m4z3bOp6Re2RQ9WgwyDB9p+RU1khF3MlHtfadnEbBFfS+rkOoVBYAPZgNSdoBbL9IWzBv0gpKViLnN0HWfARrA==",
      "dependencies": {
        "is-promise": "^2.1.0",
        "pinkie-promise": "^2.0.0"
      }
    }
  },
  "dependencies": {
    "async-unist-util-visit": {
      "version": "1.0.0",
      "resolved": "https://registry.npmjs.org/async-unist-util-visit/-/async-unist-util-visit-1.0.0.tgz",
      "integrity": "sha512-K2jv262lMgt1FJ9q3mBgnFAYNEIAMbeV5O7LYDrZT96dhnkHWHTLCUXwcrWnJcWVjKsoZsvugiyskRQltJVNRw==",
      "requires": {
        "run-async": "2.2.0"
      }
    },
    "is-promise": {
      "version": "2.2.2",
      "resolved": "https://registry.npmjs.org/is-promise/-/is-promise-2.2.2.tgz",
      "integrity": "sha512-+lP4/6lKUBfQjZ2pdxThZvLUAafmZb8OAxFb8XXtiQmS35INgr85hdOGoEs124ez1FCnZJt6jau/T+alh58QFQ=="
    },
    "pinkie": {
      "version": "2.0.4",
      "resolved": "https://registry.npmjs.org/pinkie/-/pinkie-2.0.4.tgz",
      "integrity": "sha512-MnUuEycAemtSaeFSjXKW/aroV7akBbY+Sv+RkyqFjgAe73F+MR0TBWKBRDkmfWq/HiFmdavfZ1G7h4SPZXaCSg=="
    },
    "pinkie-promise": {
      "version": "2.0.1",
      "resolved": "https://registry.npmjs.org/pinkie-promise/-/pinkie-promise-2.0.1.tgz",
      "integrity": "sha512-0Gni6D4UcLTbv9c57DfxDGdr41XfgUjqWZu492f0cIGr16zDU06BWP/RAEvOuo7CQ0CNjHaLlM59YJJFm3NWlw==",
      "requires": {
        "pinkie": "^2.0.0"
      }
    },
    "run-async": {
      "version": "2.2.0",
      "resolved": "https://registry.npmjs.org/run-async/-/run-async-2.2.0.tgz",
      "integrity": "sha512-m4z3bOp6Re2RQ9WgwyDB9p+RU1khF3MlHtfadnEbBFfS+rkOoVBYAPZgNSdoBbL9IWzBv0gpKViLnN0HWfARrA==",
      "requires": {
        "is-promise": "^2.1.0",
        "pinkie-promise": "^2.0.0"
      }
    }
  }
}
